{
  "name": "create-uikit",
  "version": "1.0.0",
  "lockfileVersion": 3,
  "requires": true,
  "packages": {
    "": {
      "name": "create-uikit",
      "version": "1.0.0",
      "license": "MIT",
      "bin": {
        "create-uikit": "index.js"
      },
      "engines": {
        "node": ">=16"
      }
    }
  }
}
